// !$*UTF8*$!
{
	archiveVersion = 1;
	classes = {
	};
	objectVersion = 51;
	objects = {

/* Begin PBXBuildFile section */
		187A4C8B2742E2EE00CE8B7A /* AppDelegate.swift in Sources */ = {isa = PBXBuildFile; fileRef = 187A4C8A2742E2EE00CE8B7A /* AppDelegate.swift */; };
		187A4C8D2742E2EE00CE8B7A /* SceneDelegate.swift in Sources */ = {isa = PBXBuildFile; fileRef = 187A4C8C2742E2EE00CE8B7A /* SceneDelegate.swift */; };
		187A4C922742E2EE00CE8B7A /* Main.storyboard in Resources */ = {isa = PBXBuildFile; fileRef = 187A4C902742E2EE00CE8B7A /* Main.storyboard */; };
		187A4C942742E2EF00CE8B7A /* Assets.xcassets in Resources */ = {isa = PBXBuildFile; fileRef = 187A4C932742E2EF00CE8B7A /* Assets.xcassets */; };
		187A4C972742E2EF00CE8B7A /* LaunchScreen.storyboard in Resources */ = {isa = PBXBuildFile; fileRef = 187A4C952742E2EF00CE8B7A /* LaunchScreen.storyboard */; };
		187A4CA22742E2EF00CE8B7A /* CodeChallengeTests.swift in Sources */ = {isa = PBXBuildFile; fileRef = 187A4CA12742E2EF00CE8B7A /* CodeChallengeTests.swift */; };
		187A4CAD2742E2EF00CE8B7A /* CodeChallengeUITests.swift in Sources */ = {isa = PBXBuildFile; fileRef = 187A4CAC2742E2EF00CE8B7A /* CodeChallengeUITests.swift */; };
		187A4CE32742F09800CE8B7A /* RegistrationViewController.swift in Sources */ = {isa = PBXBuildFile; fileRef = 187A4CE22742F09800CE8B7A /* RegistrationViewController.swift */; };
		187A4CEB2742F0F500CE8B7A /* RegistrationViewModel.swift in Sources */ = {isa = PBXBuildFile; fileRef = 187A4CEA2742F0F500CE8B7A /* RegistrationViewModel.swift */; };
		5A7619791779673818F14442 /* Pods_CodeChallenge.framework in Frameworks */ = {isa = PBXBuildFile; fileRef = CD99032B1ACD24C710CF4059 /* Pods_CodeChallenge.framework */; };
		6103CF4F5015D8153AD1DF41 /* Pods_CodeChallengeTests.framework in Frameworks */ = {isa = PBXBuildFile; fileRef = D825B40D85959A9BEF23B5AD /* Pods_CodeChallengeTests.framework */; };
		FBE841852F90E53DFC6FD314 /* Pods_CodeChallenge_CodeChallengeUITests.framework in Frameworks */ = {isa = PBXBuildFile; fileRef = 2715753329BD1CE7990EB9AA /* Pods_CodeChallenge_CodeChallengeUITests.framework */; };
/* End PBXBuildFile section */

/* Begin PBXContainerItemProxy section */
		187A4C9E2742E2EF00CE8B7A /* PBXContainerItemProxy */ = {
			isa = PBXContainerItemProxy;
			containerPortal = 187A4C7F2742E2EE00CE8B7A /* Project object */;
			proxyType = 1;
			remoteGlobalIDString = 187A4C862742E2EE00CE8B7A;
			remoteInfo = CodeChallenge;
		};
		187A4CA92742E2EF00CE8B7A /* PBXContainerItemProxy */ = {
			isa = PBXContainerItemProxy;
			containerPortal = 187A4C7F2742E2EE00CE8B7A /* Project object */;
			proxyType = 1;
			remoteGlobalIDString = 187A4C862742E2EE00CE8B7A;
			remoteInfo = CodeChallenge;
		};
/* End PBXContainerItemProxy section */

/* Begin PBXFileReference section */
		187A4C872742E2EE00CE8B7A /* CodeChallenge.app */ = {isa = PBXFileReference; explicitFileType = wrapper.application; includeInIndex = 0; path = CodeChallenge.app; sourceTree = BUILT_PRODUCTS_DIR; };
		187A4C8A2742E2EE00CE8B7A /* AppDelegate.swift */ = {isa = PBXFileReference; lastKnownFileType = sourcecode.swift; path = AppDelegate.swift; sourceTree = "<group>"; };
		187A4C8C2742E2EE00CE8B7A /* SceneDelegate.swift */ = {isa = PBXFileReference; lastKnownFileType = sourcecode.swift; path = SceneDelegate.swift; sourceTree = "<group>"; };
		187A4C912742E2EE00CE8B7A /* Base */ = {isa = PBXFileReference; lastKnownFileType = file.storyboard; name = Base; path = Base.lproj/Main.storyboard; sourceTree = "<group>"; };
		187A4C932742E2EF00CE8B7A /* Assets.xcassets */ = {isa = PBXFileReference; lastKnownFileType = folder.assetcatalog; path = Assets.xcassets; sourceTree = "<group>"; };
		187A4C962742E2EF00CE8B7A /* Base */ = {isa = PBXFileReference; lastKnownFileType = file.storyboard; name = Base; path = Base.lproj/LaunchScreen.storyboard; sourceTree = "<group>"; };
		187A4C982742E2EF00CE8B7A /* Info.plist */ = {isa = PBXFileReference; lastKnownFileType = text.plist.xml; path = Info.plist; sourceTree = "<group>"; };
		187A4C9D2742E2EF00CE8B7A /* CodeChallengeTests.xctest */ = {isa = PBXFileReference; explicitFileType = wrapper.cfbundle; includeInIndex = 0; path = CodeChallengeTests.xctest; sourceTree = BUILT_PRODUCTS_DIR; };
		187A4CA12742E2EF00CE8B7A /* CodeChallengeTests.swift */ = {isa = PBXFileReference; lastKnownFileType = sourcecode.swift; path = CodeChallengeTests.swift; sourceTree = "<group>"; };
		187A4CA32742E2EF00CE8B7A /* Info.plist */ = {isa = PBXFileReference; lastKnownFileType = text.plist.xml; path = Info.plist; sourceTree = "<group>"; };
		187A4CA82742E2EF00CE8B7A /* CodeChallengeUITests.xctest */ = {isa = PBXFileReference; explicitFileType = wrapper.cfbundle; includeInIndex = 0; path = CodeChallengeUITests.xctest; sourceTree = BUILT_PRODUCTS_DIR; };
		187A4CAC2742E2EF00CE8B7A /* CodeChallengeUITests.swift */ = {isa = PBXFileReference; lastKnownFileType = sourcecode.swift; path = CodeChallengeUITests.swift; sourceTree = "<group>"; };
		187A4CAE2742E2EF00CE8B7A /* Info.plist */ = {isa = PBXFileReference; lastKnownFileType = text.plist.xml; path = Info.plist; sourceTree = "<group>"; };
		187A4CE22742F09800CE8B7A /* RegistrationViewController.swift */ = {isa = PBXFileReference; lastKnownFileType = sourcecode.swift; path = RegistrationViewController.swift; sourceTree = "<group>"; };
		187A4CEA2742F0F500CE8B7A /* RegistrationViewModel.swift */ = {isa = PBXFileReference; lastKnownFileType = sourcecode.swift; path = RegistrationViewModel.swift; sourceTree = "<group>"; };
		2715753329BD1CE7990EB9AA /* Pods_CodeChallenge_CodeChallengeUITests.framework */ = {isa = PBXFileReference; explicitFileType = wrapper.framework; includeInIndex = 0; path = Pods_CodeChallenge_CodeChallengeUITests.framework; sourceTree = BUILT_PRODUCTS_DIR; };
		55ED3F4973A774517BB31441 /* Pods-CodeChallenge-CodeChallengeUITests.debug.xcconfig */ = {isa = PBXFileReference; includeInIndex = 1; lastKnownFileType = text.xcconfig; name = "Pods-CodeChallenge-CodeChallengeUITests.debug.xcconfig"; path = "Target Support Files/Pods-CodeChallenge-CodeChallengeUITests/Pods-CodeChallenge-CodeChallengeUITests.debug.xcconfig"; sourceTree = "<group>"; };
		60AE0C429B60710EF5FCCE4D /* Pods-CodeChallengeTests.debug.xcconfig */ = {isa = PBXFileReference; includeInIndex = 1; lastKnownFileType = text.xcconfig; name = "Pods-CodeChallengeTests.debug.xcconfig"; path = "Target Support Files/Pods-CodeChallengeTests/Pods-CodeChallengeTests.debug.xcconfig"; sourceTree = "<group>"; };
		650325C17BF5560DFBE05ECA /* Pods-CodeChallengeTests.release.xcconfig */ = {isa = PBXFileReference; includeInIndex = 1; lastKnownFileType = text.xcconfig; name = "Pods-CodeChallengeTests.release.xcconfig"; path = "Target Support Files/Pods-CodeChallengeTests/Pods-CodeChallengeTests.release.xcconfig"; sourceTree = "<group>"; };
		7A262F54495DB42FB09E8FC0 /* Pods-CodeChallenge.debug.xcconfig */ = {isa = PBXFileReference; includeInIndex = 1; lastKnownFileType = text.xcconfig; name = "Pods-CodeChallenge.debug.xcconfig"; path = "Target Support Files/Pods-CodeChallenge/Pods-CodeChallenge.debug.xcconfig"; sourceTree = "<group>"; };
		B1BD40EE909ADEB95BB198A3 /* Pods-CodeChallenge-CodeChallengeUITests.release.xcconfig */ = {isa = PBXFileReference; includeInIndex = 1; lastKnownFileType = text.xcconfig; name = "Pods-CodeChallenge-CodeChallengeUITests.release.xcconfig"; path = "Target Support Files/Pods-CodeChallenge-CodeChallengeUITests/Pods-CodeChallenge-CodeChallengeUITests.release.xcconfig"; sourceTree = "<group>"; };
		CD99032B1ACD24C710CF4059 /* Pods_CodeChallenge.framework */ = {isa = PBXFileReference; explicitFileType = wrapper.framework; includeInIndex = 0; path = Pods_CodeChallenge.framework; sourceTree = BUILT_PRODUCTS_DIR; };
		D13E681639E15007BD15D44C /* Pods-CodeChallenge.release.xcconfig */ = {isa = PBXFileReference; includeInIndex = 1; lastKnownFileType = text.xcconfig; name = "Pods-CodeChallenge.release.xcconfig"; path = "Target Support Files/Pods-CodeChallenge/Pods-CodeChallenge.release.xcconfig"; sourceTree = "<group>"; };
		D825B40D85959A9BEF23B5AD /* Pods_CodeChallengeTests.framework */ = {isa = PBXFileReference; explicitFileType = wrapper.framework; includeInIndex = 0; path = Pods_CodeChallengeTests.framework; sourceTree = BUILT_PRODUCTS_DIR; };
/* End PBXFileReference section */

/* Begin PBXFrameworksBuildPhase section */
		187A4C842742E2EE00CE8B7A /* Frameworks */ = {
			isa = PBXFrameworksBuildPhase;
			buildActionMask = 2147483647;
			files = (
				5A7619791779673818F14442 /* Pods_CodeChallenge.framework in Frameworks */,
			);
			runOnlyForDeploymentPostprocessing = 0;
		};
		187A4C9A2742E2EF00CE8B7A /* Frameworks */ = {
			isa = PBXFrameworksBuildPhase;
			buildActionMask = 2147483647;
			files = (
				6103CF4F5015D8153AD1DF41 /* Pods_CodeChallengeTests.framework in Frameworks */,
			);
			runOnlyForDeploymentPostprocessing = 0;
		};
		187A4CA52742E2EF00CE8B7A /* Frameworks */ = {
			isa = PBXFrameworksBuildPhase;
			buildActionMask = 2147483647;
			files = (
				FBE841852F90E53DFC6FD314 /* Pods_CodeChallenge_CodeChallengeUITests.framework in Frameworks */,
			);
			runOnlyForDeploymentPostprocessing = 0;
		};
/* End PBXFrameworksBuildPhase section */

/* Begin PBXGroup section */
		187A4C7E2742E2EE00CE8B7A = {
			isa = PBXGroup;
			children = (
				187A4C892742E2EE00CE8B7A /* CodeChallenge */,
				187A4CA02742E2EF00CE8B7A /* CodeChallengeTests */,
				187A4CAB2742E2EF00CE8B7A /* CodeChallengeUITests */,
				187A4C882742E2EE00CE8B7A /* Products */,
				6F5243055445227C758033DB /* Pods */,
				D6BA1611A0F66B28634EB968 /* Frameworks */,
			);
			sourceTree = "<group>";
		};
		187A4C882742E2EE00CE8B7A /* Products */ = {
			isa = PBXGroup;
			children = (
				187A4C872742E2EE00CE8B7A /* CodeChallenge.app */,
				187A4C9D2742E2EF00CE8B7A /* CodeChallengeTests.xctest */,
				187A4CA82742E2EF00CE8B7A /* CodeChallengeUITests.xctest */,
			);
			name = Products;
			sourceTree = "<group>";
		};
		187A4C892742E2EE00CE8B7A /* CodeChallenge */ = {
			isa = PBXGroup;
			children = (
				187A4CBD2742E87800CE8B7A /* Model */,
				187A4CBE2742E87F00CE8B7A /* ViewControllers */,
				187A4CBF2742E8BA00CE8B7A /* Views */,
				187A4CC42742E8FC00CE8B7A /* Suppoting Files */,
				187A4CC32742E8E300CE8B7A /* Assets */,
				187A4C8A2742E2EE00CE8B7A /* AppDelegate.swift */,
				187A4C8C2742E2EE00CE8B7A /* SceneDelegate.swift */,
			);
			path = CodeChallenge;
			sourceTree = "<group>";
		};
		187A4CA02742E2EF00CE8B7A /* CodeChallengeTests */ = {
			isa = PBXGroup;
			children = (
				187A4CA12742E2EF00CE8B7A /* CodeChallengeTests.swift */,
				187A4CA32742E2EF00CE8B7A /* Info.plist */,
			);
			path = CodeChallengeTests;
			sourceTree = "<group>";
		};
		187A4CAB2742E2EF00CE8B7A /* CodeChallengeUITests */ = {
			isa = PBXGroup;
			children = (
				187A4CAC2742E2EF00CE8B7A /* CodeChallengeUITests.swift */,
				187A4CAE2742E2EF00CE8B7A /* Info.plist */,
			);
			path = CodeChallengeUITests;
			sourceTree = "<group>";
		};
		187A4CBD2742E87800CE8B7A /* Model */ = {
			isa = PBXGroup;
			children = (
			);
			path = Model;
			sourceTree = "<group>";
		};
		187A4CBE2742E87F00CE8B7A /* ViewControllers */ = {
			isa = PBXGroup;
			children = (
				187A4CE12742F06500CE8B7A /* RegistrationViewController */,
			);
			path = ViewControllers;
			sourceTree = "<group>";
		};
		187A4CBF2742E8BA00CE8B7A /* Views */ = {
			isa = PBXGroup;
			children = (
				187A4C902742E2EE00CE8B7A /* Main.storyboard */,
				187A4C952742E2EF00CE8B7A /* LaunchScreen.storyboard */,
			);
			path = Views;
			sourceTree = "<group>";
		};
		187A4CC32742E8E300CE8B7A /* Assets */ = {
			isa = PBXGroup;
			children = (
				187A4C932742E2EF00CE8B7A /* Assets.xcassets */,
			);
			path = Assets;
			sourceTree = "<group>";
		};
		187A4CC42742E8FC00CE8B7A /* Suppoting Files */ = {
			isa = PBXGroup;
			children = (
				187A4C982742E2EF00CE8B7A /* Info.plist */,
			);
			path = "Suppoting Files";
			sourceTree = "<group>";
		};
		187A4CE12742F06500CE8B7A /* RegistrationViewController */ = {
			isa = PBXGroup;
			children = (
				187A4CE22742F09800CE8B7A /* RegistrationViewController.swift */,
				187A4CEA2742F0F500CE8B7A /* RegistrationViewModel.swift */,
			);
			path = RegistrationViewController;
			sourceTree = "<group>";
		};
		6F5243055445227C758033DB /* Pods */ = {
			isa = PBXGroup;
			children = (
				7A262F54495DB42FB09E8FC0 /* Pods-CodeChallenge.debug.xcconfig */,
				D13E681639E15007BD15D44C /* Pods-CodeChallenge.release.xcconfig */,
				55ED3F4973A774517BB31441 /* Pods-CodeChallenge-CodeChallengeUITests.debug.xcconfig */,
				B1BD40EE909ADEB95BB198A3 /* Pods-CodeChallenge-CodeChallengeUITests.release.xcconfig */,
				60AE0C429B60710EF5FCCE4D /* Pods-CodeChallengeTests.debug.xcconfig */,
				650325C17BF5560DFBE05ECA /* Pods-CodeChallengeTests.release.xcconfig */,
			);
			path = Pods;
			sourceTree = "<group>";
		};
		D6BA1611A0F66B28634EB968 /* Frameworks */ = {
			isa = PBXGroup;
			children = (
				CD99032B1ACD24C710CF4059 /* Pods_CodeChallenge.framework */,
				2715753329BD1CE7990EB9AA /* Pods_CodeChallenge_CodeChallengeUITests.framework */,
				D825B40D85959A9BEF23B5AD /* Pods_CodeChallengeTests.framework */,
			);
			name = Frameworks;
			sourceTree = "<group>";
		};
/* End PBXGroup section */

/* Begin PBXNativeTarget section */
		187A4C862742E2EE00CE8B7A /* CodeChallenge */ = {
			isa = PBXNativeTarget;
			buildConfigurationList = 187A4CB12742E2EF00CE8B7A /* Build configuration list for PBXNativeTarget "CodeChallenge" */;
			buildPhases = (
				99E3AFAF787AEDB971596CFF /* [CP] Check Pods Manifest.lock */,
				187A4C832742E2EE00CE8B7A /* Sources */,
				187A4C842742E2EE00CE8B7A /* Frameworks */,
				187A4C852742E2EE00CE8B7A /* Resources */,
				49287B81A86BE09004B2B07F /* [CP] Embed Pods Frameworks */,
			);
			buildRules = (
			);
			dependencies = (
			);
			name = CodeChallenge;
			productName = CodeChallenge;
			productReference = 187A4C872742E2EE00CE8B7A /* CodeChallenge.app */;
			productType = "com.apple.product-type.application";
		};
		187A4C9C2742E2EF00CE8B7A /* CodeChallengeTests */ = {
			isa = PBXNativeTarget;
			buildConfigurationList = 187A4CB42742E2EF00CE8B7A /* Build configuration list for PBXNativeTarget "CodeChallengeTests" */;
			buildPhases = (
				7A23BBF03F2D257040AE65F5 /* [CP] Check Pods Manifest.lock */,
				187A4C992742E2EF00CE8B7A /* Sources */,
				187A4C9A2742E2EF00CE8B7A /* Frameworks */,
				187A4C9B2742E2EF00CE8B7A /* Resources */,
			);
			buildRules = (
			);
			dependencies = (
				187A4C9F2742E2EF00CE8B7A /* PBXTargetDependency */,
			);
			name = CodeChallengeTests;
			productName = CodeChallengeTests;
			productReference = 187A4C9D2742E2EF00CE8B7A /* CodeChallengeTests.xctest */;
			productType = "com.apple.product-type.bundle.unit-test";
		};
		187A4CA72742E2EF00CE8B7A /* CodeChallengeUITests */ = {
			isa = PBXNativeTarget;
			buildConfigurationList = 187A4CB72742E2EF00CE8B7A /* Build configuration list for PBXNativeTarget "CodeChallengeUITests" */;
			buildPhases = (
				9F79574EF269C16940462044 /* [CP] Check Pods Manifest.lock */,
				187A4CA42742E2EF00CE8B7A /* Sources */,
				187A4CA52742E2EF00CE8B7A /* Frameworks */,
				187A4CA62742E2EF00CE8B7A /* Resources */,
				FF5B3DF4E38B687E6D7ECB3E /* [CP] Embed Pods Frameworks */,
			);
			buildRules = (
			);
			dependencies = (
				187A4CAA2742E2EF00CE8B7A /* PBXTargetDependency */,
			);
			name = CodeChallengeUITests;
			productName = CodeChallengeUITests;
			productReference = 187A4CA82742E2EF00CE8B7A /* CodeChallengeUITests.xctest */;
			productType = "com.apple.product-type.bundle.ui-testing";
		};
/* End PBXNativeTarget section */

/* Begin PBXProject section */
		187A4C7F2742E2EE00CE8B7A /* Project object */ = {
			isa = PBXProject;
			attributes = {
				LastSwiftUpdateCheck = 1240;
				LastUpgradeCheck = 1240;
				TargetAttributes = {
					187A4C862742E2EE00CE8B7A = {
						CreatedOnToolsVersion = 12.4;
					};
					187A4C9C2742E2EF00CE8B7A = {
						CreatedOnToolsVersion = 12.4;
						TestTargetID = 187A4C862742E2EE00CE8B7A;
					};
					187A4CA72742E2EF00CE8B7A = {
						CreatedOnToolsVersion = 12.4;
						TestTargetID = 187A4C862742E2EE00CE8B7A;
					};
				};
			};
			buildConfigurationList = 187A4C822742E2EE00CE8B7A /* Build configuration list for PBXProject "CodeChallenge" */;
			compatibilityVersion = "Xcode 9.3";
			developmentRegion = en;
			hasScannedForEncodings = 0;
			knownRegions = (
				en,
				Base,
			);
			mainGroup = 187A4C7E2742E2EE00CE8B7A;
			productRefGroup = 187A4C882742E2EE00CE8B7A /* Products */;
			projectDirPath = "";
			projectRoot = "";
			targets = (
				187A4C862742E2EE00CE8B7A /* CodeChallenge */,
				187A4C9C2742E2EF00CE8B7A /* CodeChallengeTests */,
				187A4CA72742E2EF00CE8B7A /* CodeChallengeUITests */,
			);
		};
/* End PBXProject section */

/* Begin PBXResourcesBuildPhase section */
		187A4C852742E2EE00CE8B7A /* Resources */ = {
			isa = PBXResourcesBuildPhase;
			buildActionMask = 2147483647;
			files = (
				187A4C972742E2EF00CE8B7A /* LaunchScreen.storyboard in Resources */,
				187A4C942742E2EF00CE8B7A /* Assets.xcassets in Resources */,
				187A4C922742E2EE00CE8B7A /* Main.storyboard in Resources */,
			);
			runOnlyForDeploymentPostprocessing = 0;
		};
		187A4C9B2742E2EF00CE8B7A /* Resources */ = {
			isa = PBXResourcesBuildPhase;
			buildActionMask = 2147483647;
			files = (
			);
			runOnlyForDeploymentPostprocessing = 0;
		};
		187A4CA62742E2EF00CE8B7A /* Resources */ = {
			isa = PBXResourcesBuildPhase;
			buildActionMask = 2147483647;
			files = (
			);
			runOnlyForDeploymentPostprocessing = 0;
		};
/* End PBXResourcesBuildPhase section */

/* Begin PBXShellScriptBuildPhase section */
		49287B81A86BE09004B2B07F /* [CP] Embed Pods Frameworks */ = {
			isa = PBXShellScriptBuildPhase;
			buildActionMask = 2147483647;
			files = (
			);
			inputFileListPaths = (
				"${PODS_ROOT}/Target Support Files/Pods-CodeChallenge/Pods-CodeChallenge-frameworks-${CONFIGURATION}-input-files.xcfilelist",
			);
			name = "[CP] Embed Pods Frameworks";
			outputFileListPaths = (
				"${PODS_ROOT}/Target Support Files/Pods-CodeChallenge/Pods-CodeChallenge-frameworks-${CONFIGURATION}-output-files.xcfilelist",
			);
			runOnlyForDeploymentPostprocessing = 0;
			shellPath = /bin/sh;
			shellScript = "\"${PODS_ROOT}/Target Support Files/Pods-CodeChallenge/Pods-CodeChallenge-frameworks.sh\"\n";
			showEnvVarsInLog = 0;
		};
		7A23BBF03F2D257040AE65F5 /* [CP] Check Pods Manifest.lock */ = {
			isa = PBXShellScriptBuildPhase;
			buildActionMask = 2147483647;
			files = (
			);
			inputFileListPaths = (
			);
			inputPaths = (
				"${PODS_PODFILE_DIR_PATH}/Podfile.lock",
				"${PODS_ROOT}/Manifest.lock",
			);
			name = "[CP] Check Pods Manifest.lock";
			outputFileListPaths = (
			);
			outputPaths = (
				"$(DERIVED_FILE_DIR)/Pods-CodeChallengeTests-checkManifestLockResult.txt",
			);
			runOnlyForDeploymentPostprocessing = 0;
			shellPath = /bin/sh;
			shellScript = "diff \"${PODS_PODFILE_DIR_PATH}/Podfile.lock\" \"${PODS_ROOT}/Manifest.lock\" > /dev/null\nif [ $? != 0 ] ; then\n    # print error to STDERR\n    echo \"error: The sandbox is not in sync with the Podfile.lock. Run 'pod install' or update your CocoaPods installation.\" >&2\n    exit 1\nfi\n# This output is used by Xcode 'outputs' to avoid re-running this script phase.\necho \"SUCCESS\" > \"${SCRIPT_OUTPUT_FILE_0}\"\n";
			showEnvVarsInLog = 0;
		};
		99E3AFAF787AEDB971596CFF /* [CP] Check Pods Manifest.lock */ = {
			isa = PBXShellScriptBuildPhase;
			buildActionMask = 2147483647;
			files = (
			);
			inputFileListPaths = (
			);
			inputPaths = (
				"${PODS_PODFILE_DIR_PATH}/Podfile.lock",
				"${PODS_ROOT}/Manifest.lock",
			);
			name = "[CP] Check Pods Manifest.lock";
			outputFileListPaths = (
			);
			outputPaths = (
				"$(DERIVED_FILE_DIR)/Pods-CodeChallenge-checkManifestLockResult.txt",
			);
			runOnlyForDeploymentPostprocessing = 0;
			shellPath = /bin/sh;
			shellScript = "diff \"${PODS_PODFILE_DIR_PATH}/Podfile.lock\" \"${PODS_ROOT}/Manifest.lock\" > /dev/null\nif [ $? != 0 ] ; then\n    # print error to STDERR\n    echo \"error: The sandbox is not in sync with the Podfile.lock. Run 'pod install' or update your CocoaPods installation.\" >&2\n    exit 1\nfi\n# This output is used by Xcode 'outputs' to avoid re-running this script phase.\necho \"SUCCESS\" > \"${SCRIPT_OUTPUT_FILE_0}\"\n";
			showEnvVarsInLog = 0;
		};
		9F79574EF269C16940462044 /* [CP] Check Pods Manifest.lock */ = {
			isa = PBXShellScriptBuildPhase;
			buildActionMask = 2147483647;
			files = (
			);
			inputFileListPaths = (
			);
			inputPaths = (
				"${PODS_PODFILE_DIR_PATH}/Podfile.lock",
				"${PODS_ROOT}/Manifest.lock",
			);
			name = "[CP] Check Pods Manifest.lock";
			outputFileListPaths = (
			);
			outputPaths = (
				"$(DERIVED_FILE_DIR)/Pods-CodeChallenge-CodeChallengeUITests-checkManifestLockResult.txt",
			);
			runOnlyForDeploymentPostprocessing = 0;
			shellPath = /bin/sh;
			shellScript = "diff \"${PODS_PODFILE_DIR_PATH}/Podfile.lock\" \"${PODS_ROOT}/Manifest.lock\" > /dev/null\nif [ $? != 0 ] ; then\n    # print error to STDERR\n    echo \"error: The sandbox is not in sync with the Podfile.lock. Run 'pod install' or update your CocoaPods installation.\" >&2\n    exit 1\nfi\n# This output is used by Xcode 'outputs' to avoid re-running this script phase.\necho \"SUCCESS\" > \"${SCRIPT_OUTPUT_FILE_0}\"\n";
			showEnvVarsInLog = 0;
		};
		FF5B3DF4E38B687E6D7ECB3E /* [CP] Embed Pods Frameworks */ = {
			isa = PBXShellScriptBuildPhase;
			buildActionMask = 2147483647;
			files = (
			);
			inputFileListPaths = (
				"${PODS_ROOT}/Target Support Files/Pods-CodeChallenge-CodeChallengeUITests/Pods-CodeChallenge-CodeChallengeUITests-frameworks-${CONFIGURATION}-input-files.xcfilelist",
			);
			name = "[CP] Embed Pods Frameworks";
			outputFileListPaths = (
				"${PODS_ROOT}/Target Support Files/Pods-CodeChallenge-CodeChallengeUITests/Pods-CodeChallenge-CodeChallengeUITests-frameworks-${CONFIGURATION}-output-files.xcfilelist",
			);
			runOnlyForDeploymentPostprocessing = 0;
			shellPath = /bin/sh;
			shellScript = "\"${PODS_ROOT}/Target Support Files/Pods-CodeChallenge-CodeChallengeUITests/Pods-CodeChallenge-CodeChallengeUITests-frameworks.sh\"\n";
			showEnvVarsInLog = 0;
		};
/* End PBXShellScriptBuildPhase section */

/* Begin PBXSourcesBuildPhase section */
		187A4C832742E2EE00CE8B7A /* Sources */ = {
			isa = PBXSourcesBuildPhase;
			buildActionMask = 2147483647;
			files = (
				187A4CE32742F09800CE8B7A /* RegistrationViewController.swift in Sources */,
				187A4CEB2742F0F500CE8B7A /* RegistrationViewModel.swift in Sources */,
				187A4C8B2742E2EE00CE8B7A /* AppDelegate.swift in Sources */,
				187A4C8D2742E2EE00CE8B7A /* SceneDelegate.swift in Sources */,
			);
			runOnlyForDeploymentPostprocessing = 0;
		};
		187A4C992742E2EF00CE8B7A /* Sources */ = {
			isa = PBXSourcesBuildPhase;
			buildActionMask = 2147483647;
			files = (
				187A4CA22742E2EF00CE8B7A /* CodeChallengeTests.swift in Sources */,
			);
			runOnlyForDeploymentPostprocessing = 0;
		};
		187A4CA42742E2EF00CE8B7A /* Sources */ = {
			isa = PBXSourcesBuildPhase;
			buildActionMask = 2147483647;
			files = (
				187A4CAD2742E2EF00CE8B7A /* CodeChallengeUITests.swift in Sources */,
			);
			runOnlyForDeploymentPostprocessing = 0;
		};
/* End PBXSourcesBuildPhase section */

/* Begin PBXTargetDependency section */
		187A4C9F2742E2EF00CE8B7A /* PBXTargetDependency */ = {
			isa = PBXTargetDependency;
			target = 187A4C862742E2EE00CE8B7A /* CodeChallenge */;
			targetProxy = 187A4C9E2742E2EF00CE8B7A /* PBXContainerItemProxy */;
		};
		187A4CAA2742E2EF00CE8B7A /* PBXTargetDependency */ = {
			isa = PBXTargetDependency;
			target = 187A4C862742E2EE00CE8B7A /* CodeChallenge */;
			targetProxy = 187A4CA92742E2EF00CE8B7A /* PBXContainerItemProxy */;
		};
/* End PBXTargetDependency section */

/* Begin PBXVariantGroup section */
		187A4C902742E2EE00CE8B7A /* Main.storyboard */ = {
			isa = PBXVariantGroup;
			children = (
				187A4C912742E2EE00CE8B7A /* Base */,
			);
			name = Main.storyboard;
			sourceTree = "<group>";
		};
		187A4C952742E2EF00CE8B7A /* LaunchScreen.storyboard */ = {
			isa = PBXVariantGroup;
			children = (
				187A4C962742E2EF00CE8B7A /* Base */,
			);
			name = LaunchScreen.storyboard;
			sourceTree = "<group>";
		};
/* End PBXVariantGroup section */

/* Begin XCBuildConfiguration section */
		187A4CAF2742E2EF00CE8B7A /* Debug */ = {
			isa = XCBuildConfiguration;
			buildSettings = {
				ALWAYS_SEARCH_USER_PATHS = NO;
				CLANG_ANALYZER_NONNULL = YES;
				CLANG_ANALYZER_NUMBER_OBJECT_CONVERSION = YES_AGGRESSIVE;
				CLANG_CXX_LANGUAGE_STANDARD = "gnu++14";
				CLANG_CXX_LIBRARY = "libc++";
				CLANG_ENABLE_MODULES = YES;
				CLANG_ENABLE_OBJC_ARC = YES;
				CLANG_ENABLE_OBJC_WEAK = YES;
				CLANG_WARN_BLOCK_CAPTURE_AUTORELEASING = YES;
				CLANG_WARN_BOOL_CONVERSION = YES;
				CLANG_WARN_COMMA = YES;
				CLANG_WARN_CONSTANT_CONVERSION = YES;
				CLANG_WARN_DEPRECATED_OBJC_IMPLEMENTATIONS = YES;
				CLANG_WARN_DIRECT_OBJC_ISA_USAGE = YES_ERROR;
				CLANG_WARN_DOCUMENTATION_COMMENTS = YES;
				CLANG_WARN_EMPTY_BODY = YES;
				CLANG_WARN_ENUM_CONVERSION = YES;
				CLANG_WARN_INFINITE_RECURSION = YES;
				CLANG_WARN_INT_CONVERSION = YES;
				CLANG_WARN_NON_LITERAL_NULL_CONVERSION = YES;
				CLANG_WARN_OBJC_IMPLICIT_RETAIN_SELF = YES;
				CLANG_WARN_OBJC_LITERAL_CONVERSION = YES;
				CLANG_WARN_OBJC_ROOT_CLASS = YES_ERROR;
				CLANG_WARN_QUOTED_INCLUDE_IN_FRAMEWORK_HEADER = YES;
				CLANG_WARN_RANGE_LOOP_ANALYSIS = YES;
				CLANG_WARN_STRICT_PROTOTYPES = YES;
				CLANG_WARN_SUSPICIOUS_MOVE = YES;
				CLANG_WARN_UNGUARDED_AVAILABILITY = YES_AGGRESSIVE;
				CLANG_WARN_UNREACHABLE_CODE = YES;
				CLANG_WARN__DUPLICATE_METHOD_MATCH = YES;
				COPY_PHASE_STRIP = NO;
				DEBUG_INFORMATION_FORMAT = dwarf;
				ENABLE_STRICT_OBJC_MSGSEND = YES;
				ENABLE_TESTABILITY = YES;
				GCC_C_LANGUAGE_STANDARD = gnu11;
				GCC_DYNAMIC_NO_PIC = NO;
				GCC_NO_COMMON_BLOCKS = YES;
				GCC_OPTIMIZATION_LEVEL = 0;
				GCC_PREPROCESSOR_DEFINITIONS = (
					"DEBUG=1",
					"$(inherited)",
				);
				GCC_WARN_64_TO_32_BIT_CONVERSION = YES;
				GCC_WARN_ABOUT_RETURN_TYPE = YES_ERROR;
				GCC_WARN_UNDECLARED_SELECTOR = YES;
				GCC_WARN_UNINITIALIZED_AUTOS = YES_AGGRESSIVE;
				GCC_WARN_UNUSED_FUNCTION = YES;
				GCC_WARN_UNUSED_VARIABLE = YES;
				IPHONEOS_DEPLOYMENT_TARGET = 14.4;
				MTL_ENABLE_DEBUG_INFO = INCLUDE_SOURCE;
				MTL_FAST_MATH = YES;
				ONLY_ACTIVE_ARCH = YES;
				SDKROOT = iphoneos;
				SWIFT_ACTIVE_COMPILATION_CONDITIONS = DEBUG;
				SWIFT_OPTIMIZATION_LEVEL = "-Onone";
			};
			name = Debug;
		};
		187A4CB02742E2EF00CE8B7A /* Release */ = {
			isa = XCBuildConfiguration;
			buildSettings = {
				ALWAYS_SEARCH_USER_PATHS = NO;
				CLANG_ANALYZER_NONNULL = YES;
				CLANG_ANALYZER_NUMBER_OBJECT_CONVERSION = YES_AGGRESSIVE;
				CLANG_CXX_LANGUAGE_STANDARD = "gnu++14";
				CLANG_CXX_LIBRARY = "libc++";
				CLANG_ENABLE_MODULES = YES;
				CLANG_ENABLE_OBJC_ARC = YES;
				CLANG_ENABLE_OBJC_WEAK = YES;
				CLANG_WARN_BLOCK_CAPTURE_AUTORELEASING = YES;
				CLANG_WARN_BOOL_CONVERSION = YES;
				CLANG_WARN_COMMA = YES;
				CLANG_WARN_CONSTANT_CONVERSION = YES;
				CLANG_WARN_DEPRECATED_OBJC_IMPLEMENTATIONS = YES;
				CLANG_WARN_DIRECT_OBJC_ISA_USAGE = YES_ERROR;
				CLANG_WARN_DOCUMENTATION_COMMENTS = YES;
				CLANG_WARN_EMPTY_BODY = YES;
				CLANG_WARN_ENUM_CONVERSION = YES;
				CLANG_WARN_INFINITE_RECURSION = YES;
				CLANG_WARN_INT_CONVERSION = YES;
				CLANG_WARN_NON_LITERAL_NULL_CONVERSION = YES;
				CLANG_WARN_OBJC_IMPLICIT_RETAIN_SELF = YES;
				CLANG_WARN_OBJC_LITERAL_CONVERSION = YES;
				CLANG_WARN_OBJC_ROOT_CLASS = YES_ERROR;
				CLANG_WARN_QUOTED_INCLUDE_IN_FRAMEWORK_HEADER = YES;
				CLANG_WARN_RANGE_LOOP_ANALYSIS = YES;
				CLANG_WARN_STRICT_PROTOTYPES = YES;
				CLANG_WARN_SUSPICIOUS_MOVE = YES;
				CLANG_WARN_UNGUARDED_AVAILABILITY = YES_AGGRESSIVE;
				CLANG_WARN_UNREACHABLE_CODE = YES;
				CLANG_WARN__DUPLICATE_METHOD_MATCH = YES;
				COPY_PHASE_STRIP = NO;
				DEBUG_INFORMATION_FORMAT = "dwarf-with-dsym";
				ENABLE_NS_ASSERTIONS = NO;
				ENABLE_STRICT_OBJC_MSGSEND = YES;
				GCC_C_LANGUAGE_STANDARD = gnu11;
				GCC_NO_COMMON_BLOCKS = YES;
				GCC_WARN_64_TO_32_BIT_CONVERSION = YES;
				GCC_WARN_ABOUT_RETURN_TYPE = YES_ERROR;
				GCC_WARN_UNDECLARED_SELECTOR = YES;
				GCC_WARN_UNINITIALIZED_AUTOS = YES_AGGRESSIVE;
				GCC_WARN_UNUSED_FUNCTION = YES;
				GCC_WARN_UNUSED_VARIABLE = YES;
				IPHONEOS_DEPLOYMENT_TARGET = 14.4;
				MTL_ENABLE_DEBUG_INFO = NO;
				MTL_FAST_MATH = YES;
				SDKROOT = iphoneos;
				SWIFT_COMPILATION_MODE = wholemodule;
				SWIFT_OPTIMIZATION_LEVEL = "-O";
				VALIDATE_PRODUCT = YES;
			};
			name = Release;
		};
		187A4CB22742E2EF00CE8B7A /* Debug */ = {
			isa = XCBuildConfiguration;
			baseConfigurationReference = 7A262F54495DB42FB09E8FC0 /* Pods-CodeChallenge.debug.xcconfig */;
			buildSettings = {
				ASSETCATALOG_COMPILER_APPICON_NAME = AppIcon;
				ASSETCATALOG_COMPILER_GLOBAL_ACCENT_COLOR_NAME = AccentColor;
				CODE_SIGN_STYLE = Automatic;
				INFOPLIST_FILE = "CodeChallenge/Suppoting Files/Info.plist";
				IPHONEOS_DEPLOYMENT_TARGET = 13.0;
				LD_RUNPATH_SEARCH_PATHS = (
					"$(inherited)",
					"@executable_path/Frameworks",
				);
				PRODUCT_BUNDLE_IDENTIFIER = Digitify.CodeChallenge;
				PRODUCT_NAME = "$(TARGET_NAME)";
				SWIFT_VERSION = 5.0;
				TARGETED_DEVICE_FAMILY = "1,2";
			};
			name = Debug;
		};
		187A4CB32742E2EF00CE8B7A /* Release */ = {
			isa = XCBuildConfiguration;
			baseConfigurationReference = D13E681639E15007BD15D44C /* Pods-CodeChallenge.release.xcconfig */;
			buildSettings = {
				ASSETCATALOG_COMPILER_APPICON_NAME = AppIcon;
				ASSETCATALOG_COMPILER_GLOBAL_ACCENT_COLOR_NAME = AccentColor;
				CODE_SIGN_STYLE = Automatic;
				INFOPLIST_FILE = "CodeChallenge/Suppoting Files/Info.plist";
				IPHONEOS_DEPLOYMENT_TARGET = 13.0;
				LD_RUNPATH_SEARCH_PATHS = (
					"$(inherited)",
					"@executable_path/Frameworks",
				);
				PRODUCT_BUNDLE_IDENTIFIER = Digitify.CodeChallenge;
				PRODUCT_NAME = "$(TARGET_NAME)";
				SWIFT_VERSION = 5.0;
				TARGETED_DEVICE_FAMILY = "1,2";
			};
			name = Release;
		};
		187A4CB52742E2EF00CE8B7A /* Debug */ = {
			isa = XCBuildConfiguration;
			baseConfigurationReference = 60AE0C429B60710EF5FCCE4D /* Pods-CodeChallengeTests.debug.xcconfig */;
			buildSettings = {
				ALWAYS_EMBED_SWIFT_STANDARD_LIBRARIES = YES;
				BUNDLE_LOADER = "$(TEST_HOST)";
				CODE_SIGN_STYLE = Automatic;
				INFOPLIST_FILE = CodeChallengeTests/Info.plist;
				IPHONEOS_DEPLOYMENT_TARGET = 14.4;
				LD_RUNPATH_SEARCH_PATHS = (
					"$(inherited)",
					"@executable_path/Frameworks",
					"@loader_path/Frameworks",
				);
				PRODUCT_BUNDLE_IDENTIFIER = Digitify.CodeChallengeTests;
				PRODUCT_NAME = "$(TARGET_NAME)";
				SWIFT_VERSION = 5.0;
				TARGETED_DEVICE_FAMILY = "1,2";
				TEST_HOST = "$(BUILT_PRODUCTS_DIR)/CodeChallenge.app/CodeChallenge";
			};
			name = Debug;
		};
		187A4CB62742E2EF00CE8B7A /* Release */ = {
			isa = XCBuildConfiguration;
			baseConfigurationReference = 650325C17BF5560DFBE05ECA /* Pods-CodeChallengeTests.release.xcconfig */;
			buildSettings = {
				ALWAYS_EMBED_SWIFT_STANDARD_LIBRARIES = YES;
				BUNDLE_LOADER = "$(TEST_HOST)";
				CODE_SIGN_STYLE = Automatic;
				INFOPLIST_FILE = CodeChallengeTests/Info.plist;
				IPHONEOS_DEPLOYMENT_TARGET = 14.4;
				LD_RUNPATH_SEARCH_PATHS = (
					"$(inherited)",
					"@executable_path/Frameworks",
					"@loader_path/Frameworks",
				);
				PRODUCT_BUNDLE_IDENTIFIER = Digitify.CodeChallengeTests;
				PRODUCT_NAME = "$(TARGET_NAME)";
				SWIFT_VERSION = 5.0;
				TARGETED_DEVICE_FAMILY = "1,2";
				TEST_HOST = "$(BUILT_PRODUCTS_DIR)/CodeChallenge.app/CodeChallenge";
			};
			name = Release;
		};
		187A4CB82742E2EF00CE8B7A /* Debug */ = {
			isa = XCBuildConfiguration;
			baseConfigurationReference = 55ED3F4973A774517BB31441 /* Pods-CodeChallenge-CodeChallengeUITests.debug.xcconfig */;
			buildSettings = {
				ALWAYS_EMBED_SWIFT_STANDARD_LIBRARIES = YES;
				CODE_SIGN_STYLE = Automatic;
				INFOPLIST_FILE = CodeChallengeUITests/Info.plist;
				LD_RUNPATH_SEARCH_PATHS = (
					"$(inherited)",
					"@executable_path/Frameworks",
					"@loader_path/Frameworks",
				);
				PRODUCT_BUNDLE_IDENTIFIER = Digitify.CodeChallengeUITests;
				PRODUCT_NAME = "$(TARGET_NAME)";
				SWIFT_VERSION = 5.0;
				TARGETED_DEVICE_FAMILY = "1,2";
				TEST_TARGET_NAME = CodeChallenge;
			};
			name = Debug;
		};
		187A4CB92742E2EF00CE8B7A /* Release */ = {
			isa = XCBuildConfiguration;
			baseConfigurationReference = B1BD40EE909ADEB95BB198A3 /* Pods-CodeChallenge-CodeChallengeUITests.release.xcconfig */;
			buildSettings = {
				ALWAYS_EMBED_SWIFT_STANDARD_LIBRARIES = YES;
				CODE_SIGN_STYLE = Automatic;
				INFOPLIST_FILE = CodeChallengeUITests/Info.plist;
				LD_RUNPATH_SEARCH_PATHS = (
					"$(inherited)",
					"@executable_path/Frameworks",
					"@loader_path/Frameworks",
				);
				PRODUCT_BUNDLE_IDENTIFIER = Digitify.CodeChallengeUITests;
				PRODUCT_NAME = "$(TARGET_NAME)";
				SWIFT_VERSION = 5.0;
				TARGETED_DEVICE_FAMILY = "1,2";
				TEST_TARGET_NAME = CodeChallenge;
			};
			name = Release;
		};
/* End XCBuildConfiguration section */

/* Begin XCConfigurationList section */
		187A4C822742E2EE00CE8B7A /* Build configuration list for PBXProject "CodeChallenge" */ = {
			isa = XCConfigurationList;
			buildConfigurations = (
				187A4CAF2742E2EF00CE8B7A /* Debug */,
				187A4CB02742E2EF00CE8B7A /* Release */,
			);
			defaultConfigurationIsVisible = 0;
			defaultConfigurationName = Release;
		};
		187A4CB12742E2EF00CE8B7A /* Build configuration list for PBXNativeTarget "CodeChallenge" */ = {
			isa = XCConfigurationList;
			buildConfigurations = (
				187A4CB22742E2EF00CE8B7A /* Debug */,
				187A4CB32742E2EF00CE8B7A /* Release */,
			);
			defaultConfigurationIsVisible = 0;
			defaultConfigurationName = Release;
		};
		187A4CB42742E2EF00CE8B7A /* Build configuration list for PBXNativeTarget "CodeChallengeTests" */ = {
			isa = XCConfigurationList;
			buildConfigurations = (
				187A4CB52742E2EF00CE8B7A /* Debug */,
				187A4CB62742E2EF00CE8B7A /* Release */,
			);
			defaultConfigurationIsVisible = 0;
			defaultConfigurationName = Release;
		};
		187A4CB72742E2EF00CE8B7A /* Build configuration list for PBXNativeTarget "CodeChallengeUITests" */ = {
			isa = XCConfigurationList;
			buildConfigurations = (
				187A4CB82742E2EF00CE8B7A /* Debug */,
				187A4CB92742E2EF00CE8B7A /* Release */,
			);
			defaultConfigurationIsVisible = 0;
			defaultConfigurationName = Release;
		};
/* End XCConfigurationList section */
	};
	rootObject = 187A4C7F2742E2EE00CE8B7A /* Project object */;
}
